
Microsoft Visual Studio Solution File, Format Version 10.00
# Visual C++ Express 2008
Project("{8BC9CEB8-8B4A-11D0-8D11-00A0C91BC942}") = "lunaportw", "lunaportw.vcproj", "{C37655B3-56A5-4D48-B186-481C855BA74B}"
EndProject
Project("{8BC9CEB8-8B4A-11D0-8D11-00A0C91BC942}") = "japanese", "language\japanese\japanese.vcproj", "{85C77FF9-828F-4D74-BDF5-5AFF18DD1E4D}"
EndProject
Global
	GlobalSection(SolutionConfigurationPlatforms) = preSolution
		Debug|Win32 = Debug|Win32
		Release|Win32 = Release|Win32
	EndGlobalSection
	GlobalSection(ProjectConfigurationPlatforms) = postSolution
		{C37655B3-56A5-4D48-B186-481C855BA74B}.Debug|Win32.ActiveCfg = Debug|Win32
		{C37655B3-56A5-4D48-B186-481C855BA74B}.Debug|Win32.Build.0 = Debug|Win32
		{C37655B3-56A5-4D48-B186-481C855BA74B}.Release|Win32.ActiveCfg = Release|Win32
		{C37655B3-56A5-4D48-B186-481C855BA74B}.Release|Win32.Build.0 = Release|Win32
		{85C77FF9-828F-4D74-BDF5-5AFF18DD1E4D}.Debug|Win32.ActiveCfg = Release|Win32
		{85C77FF9-828F-4D74-BDF5-5AFF18DD1E4D}.Debug|Win32.Build.0 = Release|Win32
		{85C77FF9-828F-4D74-BDF5-5AFF18DD1E4D}.Release|Win32.ActiveCfg = Release|Win32
		{85C77FF9-828F-4D74-BDF5-5AFF18DD1E4D}.Release|Win32.Build.0 = Release|Win32
	EndGlobalSection
	GlobalSection(SolutionProperties) = preSolution
		HideSolutionNode = FALSE
	EndGlobalSection
EndGlobal
